// !$*UTF8*$!
{
	archiveVersion = 1;
	classes = {
	};
	objectVersion = 50;
	objects = {

/* Begin PBXBuildFile section */
		AB1786C24276D644DCDF1F97 /* Pods_BuyBuyGoTests.framework in Frameworks */ = {isa = PBXBuildFile; fileRef = 577E0ED85E09FB68891920F8 /* Pods_BuyBuyGoTests.framework */; };
		D3D929662180D6F400F79425 /* AppDelegate.swift in Sources */ = {isa = PBXBuildFile; fileRef = D3D929652180D6F400F79425 /* AppDelegate.swift */; };
		D3D9296B2180D6F400F79425 /* Main.storyboard in Resources */ = {isa = PBXBuildFile; fileRef = D3D929692180D6F400F79425 /* Main.storyboard */; };
		D3D9296D2180D6F600F79425 /* Assets.xcassets in Resources */ = {isa = PBXBuildFile; fileRef = D3D9296C2180D6F600F79425 /* Assets.xcassets */; };
		D3D929702180D6F600F79425 /* LaunchScreen.storyboard in Resources */ = {isa = PBXBuildFile; fileRef = D3D9296E2180D6F600F79425 /* LaunchScreen.storyboard */; };
		D3D9297B2180D6F600F79425 /* BuyBuyGoTests.swift in Sources */ = {isa = PBXBuildFile; fileRef = D3D9297A2180D6F600F79425 /* BuyBuyGoTests.swift */; };
		D3D929862180D71D00F79425 /* FirstMainViewController.swift in Sources */ = {isa = PBXBuildFile; fileRef = D3D929852180D71D00F79425 /* FirstMainViewController.swift */; };
		D3D9298C2180D85D00F79425 /* MainViewController.swift in Sources */ = {isa = PBXBuildFile; fileRef = D3D9298B2180D85D00F79425 /* MainViewController.swift */; };
		D3D929902180DA4600F79425 /* DLHamburguerNavigationController.swift in Sources */ = {isa = PBXBuildFile; fileRef = D3D9298D2180DA4600F79425 /* DLHamburguerNavigationController.swift */; };
		D3D929912180DA4600F79425 /* DLHamburguerContainerViewController.swift in Sources */ = {isa = PBXBuildFile; fileRef = D3D9298E2180DA4600F79425 /* DLHamburguerContainerViewController.swift */; };
		D3D929922180DA4600F79425 /* DLHamburguerViewController.swift in Sources */ = {isa = PBXBuildFile; fileRef = D3D9298F2180DA4600F79425 /* DLHamburguerViewController.swift */; };
		D3D929942180DB1100F79425 /* MenuTableViewController.swift in Sources */ = {isa = PBXBuildFile; fileRef = D3D929932180DB1100F79425 /* MenuTableViewController.swift */; };
		D3D929972180DC9600F79425 /* MenuTableViewCell.swift in Sources */ = {isa = PBXBuildFile; fileRef = D3D929962180DC9600F79425 /* MenuTableViewCell.swift */; };
		D3D9299A2180DD3400F79425 /* MenuInformationMode.swift in Sources */ = {isa = PBXBuildFile; fileRef = D3D929992180DD3400F79425 /* MenuInformationMode.swift */; };
		D3D9299C2181BC7400F79425 /* LoginViewController.swift in Sources */ = {isa = PBXBuildFile; fileRef = D3D9299B2181BC7400F79425 /* LoginViewController.swift */; };
		D3D9299F21820A7B00F79425 /* EmailLeftLoginViewController.swift in Sources */ = {isa = PBXBuildFile; fileRef = D3D9299E21820A7B00F79425 /* EmailLeftLoginViewController.swift */; };
		D3D929A12182C0E500F79425 /* GoogleService-Info.plist in Resources */ = {isa = PBXBuildFile; fileRef = D3D929A02182C0E500F79425 /* GoogleService-Info.plist */; };
		D3E3B9782186D99200E2E93C /* BackCashStoreViewController.swift in Sources */ = {isa = PBXBuildFile; fileRef = D3E3B9772186D99200E2E93C /* BackCashStoreViewController.swift */; };
		D3E3B97A2186E30700E2E93C /* BackStoreCashCollectionViewCell.swift in Sources */ = {isa = PBXBuildFile; fileRef = D3E3B9792186E30700E2E93C /* BackStoreCashCollectionViewCell.swift */; };
		D3E3B97C2186E3EC00E2E93C /* DataImformation.swift in Sources */ = {isa = PBXBuildFile; fileRef = D3E3B97B2186E3EC00E2E93C /* DataImformation.swift */; };
		D3E3B97E2186EAC800E2E93C /* BackStoreDetailsViewController.swift in Sources */ = {isa = PBXBuildFile; fileRef = D3E3B97D2186EAC800E2E93C /* BackStoreDetailsViewController.swift */; };
		D3E3B9812187247200E2E93C /* SecondCollectionViewCell.swift in Sources */ = {isa = PBXBuildFile; fileRef = D3E3B9802187247200E2E93C /* SecondCollectionViewCell.swift */; };
		D3E3B983218764E200E2E93C /* FirstCollectionViewCell.swift in Sources */ = {isa = PBXBuildFile; fileRef = D3E3B982218764E200E2E93C /* FirstCollectionViewCell.swift */; };
		D3E3B9852187F4F900E2E93C /* MoreSpecialCollectionView.swift in Sources */ = {isa = PBXBuildFile; fileRef = D3E3B9842187F4F900E2E93C /* MoreSpecialCollectionView.swift */; };
		D3E3B9872187F53E00E2E93C /* MoreSpecialCollectionViewCell.swift in Sources */ = {isa = PBXBuildFile; fileRef = D3E3B9862187F53E00E2E93C /* MoreSpecialCollectionViewCell.swift */; };
		D3E3B9892187F9AA00E2E93C /* MoreSpecialDetailsVC.swift in Sources */ = {isa = PBXBuildFile; fileRef = D3E3B9882187F9AA00E2E93C /* MoreSpecialDetailsVC.swift */; };
		D3E3B98B2188140E00E2E93C /* UseURLInformation.swift in Sources */ = {isa = PBXBuildFile; fileRef = D3E3B98A2188140E00E2E93C /* UseURLInformation.swift */; };
		D70E0587100A736E6507EDFC /* Pods_BuyBuyGo.framework in Frameworks */ = {isa = PBXBuildFile; fileRef = 5B7506623FE2893273B4B458 /* Pods_BuyBuyGo.framework */; };
/* End PBXBuildFile section */

/* Begin PBXContainerItemProxy section */
		D3D929772180D6F600F79425 /* PBXContainerItemProxy */ = {
			isa = PBXContainerItemProxy;
			containerPortal = D3D9295A2180D6F400F79425 /* Project object */;
			proxyType = 1;
			remoteGlobalIDString = D3D929612180D6F400F79425;
			remoteInfo = BuyBuyGo;
		};
/* End PBXContainerItemProxy section */

/* Begin PBXFileReference section */
		577E0ED85E09FB68891920F8 /* Pods_BuyBuyGoTests.framework */ = {isa = PBXFileReference; explicitFileType = wrapper.framework; includeInIndex = 0; path = Pods_BuyBuyGoTests.framework; sourceTree = BUILT_PRODUCTS_DIR; };
		5B7506623FE2893273B4B458 /* Pods_BuyBuyGo.framework */ = {isa = PBXFileReference; explicitFileType = wrapper.framework; includeInIndex = 0; path = Pods_BuyBuyGo.framework; sourceTree = BUILT_PRODUCTS_DIR; };
		72D957CEDF170C4221AE81E7 /* Pods-BuyBuyGo.debug.xcconfig */ = {isa = PBXFileReference; includeInIndex = 1; lastKnownFileType = text.xcconfig; name = "Pods-BuyBuyGo.debug.xcconfig"; path = "Pods/Target Support Files/Pods-BuyBuyGo/Pods-BuyBuyGo.debug.xcconfig"; sourceTree = "<group>"; };
		CA888AAF0342D0C7CF105A0C /* Pods-BuyBuyGoTests.release.xcconfig */ = {isa = PBXFileReference; includeInIndex = 1; lastKnownFileType = text.xcconfig; name = "Pods-BuyBuyGoTests.release.xcconfig"; path = "Pods/Target Support Files/Pods-BuyBuyGoTests/Pods-BuyBuyGoTests.release.xcconfig"; sourceTree = "<group>"; };
		CFE12A2E94FED2249DAEF3CC /* Pods-BuyBuyGoTests.debug.xcconfig */ = {isa = PBXFileReference; includeInIndex = 1; lastKnownFileType = text.xcconfig; name = "Pods-BuyBuyGoTests.debug.xcconfig"; path = "Pods/Target Support Files/Pods-BuyBuyGoTests/Pods-BuyBuyGoTests.debug.xcconfig"; sourceTree = "<group>"; };
		D3D929622180D6F400F79425 /* BuyBuyGo.app */ = {isa = PBXFileReference; explicitFileType = wrapper.application; includeInIndex = 0; path = BuyBuyGo.app; sourceTree = BUILT_PRODUCTS_DIR; };
		D3D929652180D6F400F79425 /* AppDelegate.swift */ = {isa = PBXFileReference; lastKnownFileType = sourcecode.swift; path = AppDelegate.swift; sourceTree = "<group>"; };
		D3D9296A2180D6F400F79425 /* Base */ = {isa = PBXFileReference; lastKnownFileType = file.storyboard; name = Base; path = Base.lproj/Main.storyboard; sourceTree = "<group>"; };
		D3D9296C2180D6F600F79425 /* Assets.xcassets */ = {isa = PBXFileReference; lastKnownFileType = folder.assetcatalog; path = Assets.xcassets; sourceTree = "<group>"; };
		D3D9296F2180D6F600F79425 /* Base */ = {isa = PBXFileReference; lastKnownFileType = file.storyboard; name = Base; path = Base.lproj/LaunchScreen.storyboard; sourceTree = "<group>"; };
		D3D929712180D6F600F79425 /* Info.plist */ = {isa = PBXFileReference; lastKnownFileType = text.plist.xml; path = Info.plist; sourceTree = "<group>"; };
		D3D929762180D6F600F79425 /* BuyBuyGoTests.xctest */ = {isa = PBXFileReference; explicitFileType = wrapper.cfbundle; includeInIndex = 0; path = BuyBuyGoTests.xctest; sourceTree = BUILT_PRODUCTS_DIR; };
		D3D9297A2180D6F600F79425 /* BuyBuyGoTests.swift */ = {isa = PBXFileReference; lastKnownFileType = sourcecode.swift; path = BuyBuyGoTests.swift; sourceTree = "<group>"; };
		D3D9297C2180D6F600F79425 /* Info.plist */ = {isa = PBXFileReference; lastKnownFileType = text.plist.xml; path = Info.plist; sourceTree = "<group>"; };
		D3D929852180D71D00F79425 /* FirstMainViewController.swift */ = {isa = PBXFileReference; lastKnownFileType = sourcecode.swift; path = FirstMainViewController.swift; sourceTree = "<group>"; };
		D3D9298B2180D85D00F79425 /* MainViewController.swift */ = {isa = PBXFileReference; lastKnownFileType = sourcecode.swift; path = MainViewController.swift; sourceTree = "<group>"; };
		D3D9298D2180DA4600F79425 /* DLHamburguerNavigationController.swift */ = {isa = PBXFileReference; fileEncoding = 4; lastKnownFileType = sourcecode.swift; path = DLHamburguerNavigationController.swift; sourceTree = "<group>"; };
		D3D9298E2180DA4600F79425 /* DLHamburguerContainerViewController.swift */ = {isa = PBXFileReference; fileEncoding = 4; lastKnownFileType = sourcecode.swift; path = DLHamburguerContainerViewController.swift; sourceTree = "<group>"; };
		D3D9298F2180DA4600F79425 /* DLHamburguerViewController.swift */ = {isa = PBXFileReference; fileEncoding = 4; lastKnownFileType = sourcecode.swift; path = DLHamburguerViewController.swift; sourceTree = "<group>"; };
		D3D929932180DB1100F79425 /* MenuTableViewController.swift */ = {isa = PBXFileReference; lastKnownFileType = sourcecode.swift; path = MenuTableViewController.swift; sourceTree = "<group>"; };
		D3D929962180DC9600F79425 /* MenuTableViewCell.swift */ = {isa = PBXFileReference; lastKnownFileType = sourcecode.swift; path = MenuTableViewCell.swift; sourceTree = "<group>"; };
		D3D929992180DD3400F79425 /* MenuInformationMode.swift */ = {isa = PBXFileReference; lastKnownFileType = sourcecode.swift; path = MenuInformationMode.swift; sourceTree = "<group>"; };
		D3D9299B2181BC7400F79425 /* LoginViewController.swift */ = {isa = PBXFileReference; lastKnownFileType = sourcecode.swift; path = LoginViewController.swift; sourceTree = "<group>"; };
		D3D9299E21820A7B00F79425 /* EmailLeftLoginViewController.swift */ = {isa = PBXFileReference; lastKnownFileType = sourcecode.swift; path = EmailLeftLoginViewController.swift; sourceTree = "<group>"; };
		D3D929A02182C0E500F79425 /* GoogleService-Info.plist */ = {isa = PBXFileReference; fileEncoding = 4; lastKnownFileType = text.plist.xml; path = "GoogleService-Info.plist"; sourceTree = "<group>"; };
		D3E3B9772186D99200E2E93C /* BackCashStoreViewController.swift */ = {isa = PBXFileReference; lastKnownFileType = sourcecode.swift; path = BackCashStoreViewController.swift; sourceTree = "<group>"; };
		D3E3B9792186E30700E2E93C /* BackStoreCashCollectionViewCell.swift */ = {isa = PBXFileReference; lastKnownFileType = sourcecode.swift; path = BackStoreCashCollectionViewCell.swift; sourceTree = "<group>"; };
		D3E3B97B2186E3EC00E2E93C /* DataImformation.swift */ = {isa = PBXFileReference; lastKnownFileType = sourcecode.swift; path = DataImformation.swift; sourceTree = "<group>"; };
		D3E3B97D2186EAC800E2E93C /* BackStoreDetailsViewController.swift */ = {isa = PBXFileReference; lastKnownFileType = sourcecode.swift; path = BackStoreDetailsViewController.swift; sourceTree = "<group>"; };
		D3E3B9802187247200E2E93C /* SecondCollectionViewCell.swift */ = {isa = PBXFileReference; lastKnownFileType = sourcecode.swift; path = SecondCollectionViewCell.swift; sourceTree = "<group>"; };
		D3E3B982218764E200E2E93C /* FirstCollectionViewCell.swift */ = {isa = PBXFileReference; lastKnownFileType = sourcecode.swift; path = FirstCollectionViewCell.swift; sourceTree = "<group>"; };
		D3E3B9842187F4F900E2E93C /* MoreSpecialCollectionView.swift */ = {isa = PBXFileReference; lastKnownFileType = sourcecode.swift; path = MoreSpecialCollectionView.swift; sourceTree = "<group>"; };
		D3E3B9862187F53E00E2E93C /* MoreSpecialCollectionViewCell.swift */ = {isa = PBXFileReference; lastKnownFileType = sourcecode.swift; path = MoreSpecialCollectionViewCell.swift; sourceTree = "<group>"; };
		D3E3B9882187F9AA00E2E93C /* MoreSpecialDetailsVC.swift */ = {isa = PBXFileReference; lastKnownFileType = sourcecode.swift; path = MoreSpecialDetailsVC.swift; sourceTree = "<group>"; };
		D3E3B98A2188140E00E2E93C /* UseURLInformation.swift */ = {isa = PBXFileReference; lastKnownFileType = sourcecode.swift; path = UseURLInformation.swift; sourceTree = "<group>"; };
		E6572CB9B524F34C26A90F1A /* Pods-BuyBuyGo.release.xcconfig */ = {isa = PBXFileReference; includeInIndex = 1; lastKnownFileType = text.xcconfig; name = "Pods-BuyBuyGo.release.xcconfig"; path = "Pods/Target Support Files/Pods-BuyBuyGo/Pods-BuyBuyGo.release.xcconfig"; sourceTree = "<group>"; };
/* End PBXFileReference section */

/* Begin PBXFrameworksBuildPhase section */
		D3D9295F2180D6F400F79425 /* Frameworks */ = {
			isa = PBXFrameworksBuildPhase;
			buildActionMask = 2147483647;
			files = (
				D70E0587100A736E6507EDFC /* Pods_BuyBuyGo.framework in Frameworks */,
			);
			runOnlyForDeploymentPostprocessing = 0;
		};
		D3D929732180D6F600F79425 /* Frameworks */ = {
			isa = PBXFrameworksBuildPhase;
			buildActionMask = 2147483647;
			files = (
				AB1786C24276D644DCDF1F97 /* Pods_BuyBuyGoTests.framework in Frameworks */,
			);
			runOnlyForDeploymentPostprocessing = 0;
		};
/* End PBXFrameworksBuildPhase section */

/* Begin PBXGroup section */
		58B70DB5E305277DBC201404 /* Frameworks */ = {
			isa = PBXGroup;
			children = (
				5B7506623FE2893273B4B458 /* Pods_BuyBuyGo.framework */,
				577E0ED85E09FB68891920F8 /* Pods_BuyBuyGoTests.framework */,
			);
			name = Frameworks;
			sourceTree = "<group>";
		};
		BAC265E7B71F927C87038277 /* Pods */ = {
			isa = PBXGroup;
			children = (
				72D957CEDF170C4221AE81E7 /* Pods-BuyBuyGo.debug.xcconfig */,
				E6572CB9B524F34C26A90F1A /* Pods-BuyBuyGo.release.xcconfig */,
				CFE12A2E94FED2249DAEF3CC /* Pods-BuyBuyGoTests.debug.xcconfig */,
				CA888AAF0342D0C7CF105A0C /* Pods-BuyBuyGoTests.release.xcconfig */,
			);
			name = Pods;
			sourceTree = "<group>";
		};
		D3D929592180D6F400F79425 = {
			isa = PBXGroup;
			children = (
				D3D929642180D6F400F79425 /* BuyBuyGo */,
				D3D929792180D6F600F79425 /* BuyBuyGoTests */,
				D3D929632180D6F400F79425 /* Products */,
				BAC265E7B71F927C87038277 /* Pods */,
				58B70DB5E305277DBC201404 /* Frameworks */,
			);
			sourceTree = "<group>";
		};
		D3D929632180D6F400F79425 /* Products */ = {
			isa = PBXGroup;
			children = (
				D3D929622180D6F400F79425 /* BuyBuyGo.app */,
				D3D929762180D6F600F79425 /* BuyBuyGoTests.xctest */,
			);
			name = Products;
			sourceTree = "<group>";
		};
		D3D929642180D6F400F79425 /* BuyBuyGo */ = {
			isa = PBXGroup;
			children = (
				D3D929872180D75300F79425 /* MenuState */,
				D3D929652180D6F400F79425 /* AppDelegate.swift */,
				D3D929692180D6F400F79425 /* Main.storyboard */,
				D3D929852180D71D00F79425 /* FirstMainViewController.swift */,
				D3D929982180DD1200F79425 /* Model */,
				D3D929952180DC5800F79425 /* MenuTableview */,
				D3D9298B2180D85D00F79425 /* MainViewController.swift */,
				D3D9299D2181BC8300F79425 /* LoginView */,
				D3D9296C2180D6F600F79425 /* Assets.xcassets */,
				D3D9296E2180D6F600F79425 /* LaunchScreen.storyboard */,
				D3D929712180D6F600F79425 /* Info.plist */,
				D3D929A02182C0E500F79425 /* GoogleService-Info.plist */,
			);
			path = BuyBuyGo;
			sourceTree = "<group>";
		};
		D3D929792180D6F600F79425 /* BuyBuyGoTests */ = {
			isa = PBXGroup;
			children = (
				D3D9297A2180D6F600F79425 /* BuyBuyGoTests.swift */,
				D3D9297C2180D6F600F79425 /* Info.plist */,
			);
			path = BuyBuyGoTests;
			sourceTree = "<group>";
		};
		D3D929872180D75300F79425 /* MenuState */ = {
			isa = PBXGroup;
			children = (
				D3D9298E2180DA4600F79425 /* DLHamburguerContainerViewController.swift */,
				D3D9298D2180DA4600F79425 /* DLHamburguerNavigationController.swift */,
				D3D9298F2180DA4600F79425 /* DLHamburguerViewController.swift */,
			);
			path = MenuState;
			sourceTree = "<group>";
		};
		D3D929952180DC5800F79425 /* MenuTableview */ = {
			isa = PBXGroup;
			children = (
				D3E3B97F2187243100E2E93C /* Cell */,
				D3D929932180DB1100F79425 /* MenuTableViewController.swift */,
				D3E3B9842187F4F900E2E93C /* MoreSpecialCollectionView.swift */,
				D3E3B9772186D99200E2E93C /* BackCashStoreViewController.swift */,
				D3E3B9882187F9AA00E2E93C /* MoreSpecialDetailsVC.swift */,
				D3E3B97D2186EAC800E2E93C /* BackStoreDetailsViewController.swift */,
			);
			path = MenuTableview;
			sourceTree = "<group>";
		};
		D3D929982180DD1200F79425 /* Model */ = {
			isa = PBXGroup;
			children = (
				D3D929992180DD3400F79425 /* MenuInformationMode.swift */,
				D3E3B97B2186E3EC00E2E93C /* DataImformation.swift */,
				D3E3B98A2188140E00E2E93C /* UseURLInformation.swift */,
			);
			path = Model;
			sourceTree = "<group>";
		};
		D3D9299D2181BC8300F79425 /* LoginView */ = {
			isa = PBXGroup;
			children = (
				D3D9299B2181BC7400F79425 /* LoginViewController.swift */,
				D3D9299E21820A7B00F79425 /* EmailLeftLoginViewController.swift */,
			);
			path = LoginView;
			sourceTree = "<group>";
		};
		D3E3B97F2187243100E2E93C /* Cell */ = {
			isa = PBXGroup;
			children = (
				D3E3B9792186E30700E2E93C /* BackStoreCashCollectionViewCell.swift */,
				D3E3B9862187F53E00E2E93C /* MoreSpecialCollectionViewCell.swift */,
				D3D929962180DC9600F79425 /* MenuTableViewCell.swift */,
				D3E3B9802187247200E2E93C /* SecondCollectionViewCell.swift */,
				D3E3B982218764E200E2E93C /* FirstCollectionViewCell.swift */,
			);
			path = Cell;
			sourceTree = "<group>";
		};
/* End PBXGroup section */

/* Begin PBXNativeTarget section */
		D3D929612180D6F400F79425 /* BuyBuyGo */ = {
			isa = PBXNativeTarget;
			buildConfigurationList = D3D9297F2180D6F600F79425 /* Build configuration list for PBXNativeTarget "BuyBuyGo" */;
			buildPhases = (
				9C6F2854809355B9C4CB3EA4 /* [CP] Check Pods Manifest.lock */,
				D3D9295E2180D6F400F79425 /* Sources */,
				D3D9295F2180D6F400F79425 /* Frameworks */,
				D3D929602180D6F400F79425 /* Resources */,
				F6D1B359075E49F9D21AFE05 /* [CP] Embed Pods Frameworks */,
				2C1E760EEE61545C738188C1 /* [CP] Copy Pods Resources */,
			);
			buildRules = (
			);
			dependencies = (
			);
			name = BuyBuyGo;
			productName = BuyBuyGo;
			productReference = D3D929622180D6F400F79425 /* BuyBuyGo.app */;
			productType = "com.apple.product-type.application";
		};
		D3D929752180D6F600F79425 /* BuyBuyGoTests */ = {
			isa = PBXNativeTarget;
			buildConfigurationList = D3D929822180D6F600F79425 /* Build configuration list for PBXNativeTarget "BuyBuyGoTests" */;
			buildPhases = (
				3CFE22DBB48DED46E074272F /* [CP] Check Pods Manifest.lock */,
				D3D929722180D6F600F79425 /* Sources */,
				D3D929732180D6F600F79425 /* Frameworks */,
				D3D929742180D6F600F79425 /* Resources */,
				88E774358CBAAB12976D7C30 /* [CP] Embed Pods Frameworks */,
			);
			buildRules = (
			);
			dependencies = (
				D3D929782180D6F600F79425 /* PBXTargetDependency */,
			);
			name = BuyBuyGoTests;
			productName = BuyBuyGoTests;
			productReference = D3D929762180D6F600F79425 /* BuyBuyGoTests.xctest */;
			productType = "com.apple.product-type.bundle.unit-test";
		};
/* End PBXNativeTarget section */

/* Begin PBXProject section */
		D3D9295A2180D6F400F79425 /* Project object */ = {
			isa = PBXProject;
			attributes = {
				LastSwiftUpdateCheck = 1000;
				LastUpgradeCheck = 1000;
				ORGANIZATIONNAME = liou;
				TargetAttributes = {
					D3D929612180D6F400F79425 = {
						CreatedOnToolsVersion = 10.0;
					};
					D3D929752180D6F600F79425 = {
						CreatedOnToolsVersion = 10.0;
						TestTargetID = D3D929612180D6F400F79425;
					};
				};
			};
			buildConfigurationList = D3D9295D2180D6F400F79425 /* Build configuration list for PBXProject "BuyBuyGo" */;
			compatibilityVersion = "Xcode 9.3";
			developmentRegion = en;
			hasScannedForEncodings = 0;
			knownRegions = (
				en,
				Base,
			);
			mainGroup = D3D929592180D6F400F79425;
			productRefGroup = D3D929632180D6F400F79425 /* Products */;
			projectDirPath = "";
			projectRoot = "";
			targets = (
				D3D929612180D6F400F79425 /* BuyBuyGo */,
				D3D929752180D6F600F79425 /* BuyBuyGoTests */,
			);
		};
/* End PBXProject section */

/* Begin PBXResourcesBuildPhase section */
		D3D929602180D6F400F79425 /* Resources */ = {
			isa = PBXResourcesBuildPhase;
			buildActionMask = 2147483647;
			files = (
				D3D929702180D6F600F79425 /* LaunchScreen.storyboard in Resources */,
				D3D929A12182C0E500F79425 /* GoogleService-Info.plist in Resources */,
				D3D9296D2180D6F600F79425 /* Assets.xcassets in Resources */,
				D3D9296B2180D6F400F79425 /* Main.storyboard in Resources */,
			);
			runOnlyForDeploymentPostprocessing = 0;
		};
		D3D929742180D6F600F79425 /* Resources */ = {
			isa = PBXResourcesBuildPhase;
			buildActionMask = 2147483647;
			files = (
			);
			runOnlyForDeploymentPostprocessing = 0;
		};
/* End PBXResourcesBuildPhase section */

/* Begin PBXShellScriptBuildPhase section */
		2C1E760EEE61545C738188C1 /* [CP] Copy Pods Resources */ = {
			isa = PBXShellScriptBuildPhase;
			buildActionMask = 2147483647;
			files = (
			);
			inputFileListPaths = (
			);
			inputPaths = (
				"${SRCROOT}/Pods/Target Support Files/Pods-BuyBuyGo/Pods-BuyBuyGo-resources.sh",
				"${PODS_ROOT}/GoogleSignIn/Resources/GoogleSignIn.bundle",
			);
			name = "[CP] Copy Pods Resources";
			outputFileListPaths = (
			);
			outputPaths = (
				"${TARGET_BUILD_DIR}/${UNLOCALIZED_RESOURCES_FOLDER_PATH}/GoogleSignIn.bundle",
			);
			runOnlyForDeploymentPostprocessing = 0;
			shellPath = /bin/sh;
			shellScript = "\"${SRCROOT}/Pods/Target Support Files/Pods-BuyBuyGo/Pods-BuyBuyGo-resources.sh\"\n";
			showEnvVarsInLog = 0;
		};
		3CFE22DBB48DED46E074272F /* [CP] Check Pods Manifest.lock */ = {
			isa = PBXShellScriptBuildPhase;
			buildActionMask = 2147483647;
			files = (
			);
			inputFileListPaths = (
			);
			inputPaths = (
				"${PODS_PODFILE_DIR_PATH}/Podfile.lock",
				"${PODS_ROOT}/Manifest.lock",
			);
			name = "[CP] Check Pods Manifest.lock";
			outputFileListPaths = (
			);
			outputPaths = (
				"$(DERIVED_FILE_DIR)/Pods-BuyBuyGoTests-checkManifestLockResult.txt",
			);
			runOnlyForDeploymentPostprocessing = 0;
			shellPath = /bin/sh;
			shellScript = "diff \"${PODS_PODFILE_DIR_PATH}/Podfile.lock\" \"${PODS_ROOT}/Manifest.lock\" > /dev/null\nif [ $? != 0 ] ; then\n    # print error to STDERR\n    echo \"error: The sandbox is not in sync with the Podfile.lock. Run 'pod install' or update your CocoaPods installation.\" >&2\n    exit 1\nfi\n# This output is used by Xcode 'outputs' to avoid re-running this script phase.\necho \"SUCCESS\" > \"${SCRIPT_OUTPUT_FILE_0}\"\n";
			showEnvVarsInLog = 0;
		};
		88E774358CBAAB12976D7C30 /* [CP] Embed Pods Frameworks */ = {
			isa = PBXShellScriptBuildPhase;
			buildActionMask = 2147483647;
			files = (
			);
			inputFileListPaths = (
			);
			inputPaths = (
				"${SRCROOT}/Pods/Target Support Files/Pods-BuyBuyGoTests/Pods-BuyBuyGoTests-frameworks.sh",
				"${BUILT_PRODUCTS_DIR}/GoogleToolboxForMac-Defines-NSData+zlib/GoogleToolboxForMac.framework",
			);
			name = "[CP] Embed Pods Frameworks";
			outputFileListPaths = (
			);
			outputPaths = (
				"${TARGET_BUILD_DIR}/${FRAMEWORKS_FOLDER_PATH}/GoogleToolboxForMac.framework",
			);
			runOnlyForDeploymentPostprocessing = 0;
			shellPath = /bin/sh;
			shellScript = "\"${SRCROOT}/Pods/Target Support Files/Pods-BuyBuyGoTests/Pods-BuyBuyGoTests-frameworks.sh\"\n";
			showEnvVarsInLog = 0;
		};
		9C6F2854809355B9C4CB3EA4 /* [CP] Check Pods Manifest.lock */ = {
			isa = PBXShellScriptBuildPhase;
			buildActionMask = 2147483647;
			files = (
			);
			inputFileListPaths = (
			);
			inputPaths = (
				"${PODS_PODFILE_DIR_PATH}/Podfile.lock",
				"${PODS_ROOT}/Manifest.lock",
			);
			name = "[CP] Check Pods Manifest.lock";
			outputFileListPaths = (
			);
			outputPaths = (
				"$(DERIVED_FILE_DIR)/Pods-BuyBuyGo-checkManifestLockResult.txt",
			);
			runOnlyForDeploymentPostprocessing = 0;
			shellPath = /bin/sh;
			shellScript = "diff \"${PODS_PODFILE_DIR_PATH}/Podfile.lock\" \"${PODS_ROOT}/Manifest.lock\" > /dev/null\nif [ $? != 0 ] ; then\n    # print error to STDERR\n    echo \"error: The sandbox is not in sync with the Podfile.lock. Run 'pod install' or update your CocoaPods installation.\" >&2\n    exit 1\nfi\n# This output is used by Xcode 'outputs' to avoid re-running this script phase.\necho \"SUCCESS\" > \"${SCRIPT_OUTPUT_FILE_0}\"\n";
			showEnvVarsInLog = 0;
		};
		F6D1B359075E49F9D21AFE05 /* [CP] Embed Pods Frameworks */ = {
			isa = PBXShellScriptBuildPhase;
			buildActionMask = 2147483647;
			files = (
			);
			inputFileListPaths = (
			);
			inputPaths = (
				"${SRCROOT}/Pods/Target Support Files/Pods-BuyBuyGo/Pods-BuyBuyGo-frameworks.sh",
				"${BUILT_PRODUCTS_DIR}/GTMOAuth2/GTMOAuth2.framework",
				"${BUILT_PRODUCTS_DIR}/GTMSessionFetcher/GTMSessionFetcher.framework",
				"${BUILT_PRODUCTS_DIR}/GoogleToolboxForMac-f0850809/GoogleToolboxForMac.framework",
			);
			name = "[CP] Embed Pods Frameworks";
			outputFileListPaths = (
			);
			outputPaths = (
				"${TARGET_BUILD_DIR}/${FRAMEWORKS_FOLDER_PATH}/GTMOAuth2.framework",
				"${TARGET_BUILD_DIR}/${FRAMEWORKS_FOLDER_PATH}/GTMSessionFetcher.framework",
				"${TARGET_BUILD_DIR}/${FRAMEWORKS_FOLDER_PATH}/GoogleToolboxForMac.framework",
			);
			runOnlyForDeploymentPostprocessing = 0;
			shellPath = /bin/sh;
			shellScript = "\"${SRCROOT}/Pods/Target Support Files/Pods-BuyBuyGo/Pods-BuyBuyGo-frameworks.sh\"\n";
			showEnvVarsInLog = 0;
		};
/* End PBXShellScriptBuildPhase section */

/* Begin PBXSourcesBuildPhase section */
		D3D9295E2180D6F400F79425 /* Sources */ = {
			isa = PBXSourcesBuildPhase;
			buildActionMask = 2147483647;
			files = (
				D3E3B9872187F53E00E2E93C /* MoreSpecialCollectionViewCell.swift in Sources */,
				D3D9298C2180D85D00F79425 /* MainViewController.swift in Sources */,
				D3D929942180DB1100F79425 /* MenuTableViewController.swift in Sources */,
				D3D929972180DC9600F79425 /* MenuTableViewCell.swift in Sources */,
				D3D9299A2180DD3400F79425 /* MenuInformationMode.swift in Sources */,
				D3E3B97E2186EAC800E2E93C /* BackStoreDetailsViewController.swift in Sources */,
				D3D929862180D71D00F79425 /* FirstMainViewController.swift in Sources */,
				D3E3B97C2186E3EC00E2E93C /* DataImformation.swift in Sources */,
				D3E3B9892187F9AA00E2E93C /* MoreSpecialDetailsVC.swift in Sources */,
				D3D929922180DA4600F79425 /* DLHamburguerViewController.swift in Sources */,
				D3D9299F21820A7B00F79425 /* EmailLeftLoginViewController.swift in Sources */,
				D3E3B9852187F4F900E2E93C /* MoreSpecialCollectionView.swift in Sources */,
				D3D929912180DA4600F79425 /* DLHamburguerContainerViewController.swift in Sources */,
				D3E3B983218764E200E2E93C /* FirstCollectionViewCell.swift in Sources */,
				D3E3B9782186D99200E2E93C /* BackCashStoreViewController.swift in Sources */,
				D3D929662180D6F400F79425 /* AppDelegate.swift in Sources */,
				D3E3B9812187247200E2E93C /* SecondCollectionViewCell.swift in Sources */,
				D3E3B97A2186E30700E2E93C /* BackStoreCashCollectionViewCell.swift in Sources */,
				D3E3B98B2188140E00E2E93C /* UseURLInformation.swift in Sources */,
				D3D9299C2181BC7400F79425 /* LoginViewController.swift in Sources */,
				D3D929902180DA4600F79425 /* DLHamburguerNavigationController.swift in Sources */,
			);
			runOnlyForDeploymentPostprocessing = 0;
		};
		D3D929722180D6F600F79425 /* Sources */ = {
			isa = PBXSourcesBuildPhase;
			buildActionMask = 2147483647;
			files = (
				D3D9297B2180D6F600F79425 /* BuyBuyGoTests.swift in Sources */,
			);
			runOnlyForDeploymentPostprocessing = 0;
		};
/* End PBXSourcesBuildPhase section */

/* Begin PBXTargetDependency section */
		D3D929782180D6F600F79425 /* PBXTargetDependency */ = {
			isa = PBXTargetDependency;
			target = D3D929612180D6F400F79425 /* BuyBuyGo */;
			targetProxy = D3D929772180D6F600F79425 /* PBXContainerItemProxy */;
		};
/* End PBXTargetDependency section */

/* Begin PBXVariantGroup section */
		D3D929692180D6F400F79425 /* Main.storyboard */ = {
			isa = PBXVariantGroup;
			children = (
				D3D9296A2180D6F400F79425 /* Base */,
			);
			name = Main.storyboard;
			sourceTree = "<group>";
		};
		D3D9296E2180D6F600F79425 /* LaunchScreen.storyboard */ = {
			isa = PBXVariantGroup;
			children = (
				D3D9296F2180D6F600F79425 /* Base */,
			);
			name = LaunchScreen.storyboard;
			sourceTree = "<group>";
		};
/* End PBXVariantGroup section */

/* Begin XCBuildConfiguration section */
		D3D9297D2180D6F600F79425 /* Debug */ = {
			isa = XCBuildConfiguration;
			buildSettings = {
				ALWAYS_SEARCH_USER_PATHS = NO;
				CLANG_ANALYZER_NONNULL = YES;
				CLANG_ANALYZER_NUMBER_OBJECT_CONVERSION = YES_AGGRESSIVE;
				CLANG_CXX_LANGUAGE_STANDARD = "gnu++14";
				CLANG_CXX_LIBRARY = "libc++";
				CLANG_ENABLE_MODULES = YES;
				CLANG_ENABLE_OBJC_ARC = YES;
				CLANG_ENABLE_OBJC_WEAK = YES;
				CLANG_WARN_BLOCK_CAPTURE_AUTORELEASING = YES;
				CLANG_WARN_BOOL_CONVERSION = YES;
				CLANG_WARN_COMMA = YES;
				CLANG_WARN_CONSTANT_CONVERSION = YES;
				CLANG_WARN_DEPRECATED_OBJC_IMPLEMENTATIONS = YES;
				CLANG_WARN_DIRECT_OBJC_ISA_USAGE = YES_ERROR;
				CLANG_WARN_DOCUMENTATION_COMMENTS = YES;
				CLANG_WARN_EMPTY_BODY = YES;
				CLANG_WARN_ENUM_CONVERSION = YES;
				CLANG_WARN_INFINITE_RECURSION = YES;
				CLANG_WARN_INT_CONVERSION = YES;
				CLANG_WARN_NON_LITERAL_NULL_CONVERSION = YES;
				CLANG_WARN_OBJC_IMPLICIT_RETAIN_SELF = YES;
				CLANG_WARN_OBJC_LITERAL_CONVERSION = YES;
				CLANG_WARN_OBJC_ROOT_CLASS = YES_ERROR;
				CLANG_WARN_RANGE_LOOP_ANALYSIS = YES;
				CLANG_WARN_STRICT_PROTOTYPES = YES;
				CLANG_WARN_SUSPICIOUS_MOVE = YES;
				CLANG_WARN_UNGUARDED_AVAILABILITY = YES_AGGRESSIVE;
				CLANG_WARN_UNREACHABLE_CODE = YES;
				CLANG_WARN__DUPLICATE_METHOD_MATCH = YES;
				CODE_SIGN_IDENTITY = "iPhone Developer";
				COPY_PHASE_STRIP = NO;
				DEBUG_INFORMATION_FORMAT = dwarf;
				ENABLE_STRICT_OBJC_MSGSEND = YES;
				ENABLE_TESTABILITY = YES;
				GCC_C_LANGUAGE_STANDARD = gnu11;
				GCC_DYNAMIC_NO_PIC = NO;
				GCC_NO_COMMON_BLOCKS = YES;
				GCC_OPTIMIZATION_LEVEL = 0;
				GCC_PREPROCESSOR_DEFINITIONS = (
					"DEBUG=1",
					"$(inherited)",
				);
				GCC_WARN_64_TO_32_BIT_CONVERSION = YES;
				GCC_WARN_ABOUT_RETURN_TYPE = YES_ERROR;
				GCC_WARN_UNDECLARED_SELECTOR = YES;
				GCC_WARN_UNINITIALIZED_AUTOS = YES_AGGRESSIVE;
				GCC_WARN_UNUSED_FUNCTION = YES;
				GCC_WARN_UNUSED_VARIABLE = YES;
				IPHONEOS_DEPLOYMENT_TARGET = 12.0;
				MTL_ENABLE_DEBUG_INFO = INCLUDE_SOURCE;
				MTL_FAST_MATH = YES;
				ONLY_ACTIVE_ARCH = YES;
				SDKROOT = iphoneos;
				SWIFT_ACTIVE_COMPILATION_CONDITIONS = DEBUG;
				SWIFT_OPTIMIZATION_LEVEL = "-Onone";
			};
			name = Debug;
		};
		D3D9297E2180D6F600F79425 /* Release */ = {
			isa = XCBuildConfiguration;
			buildSettings = {
				ALWAYS_SEARCH_USER_PATHS = NO;
				CLANG_ANALYZER_NONNULL = YES;
				CLANG_ANALYZER_NUMBER_OBJECT_CONVERSION = YES_AGGRESSIVE;
				CLANG_CXX_LANGUAGE_STANDARD = "gnu++14";
				CLANG_CXX_LIBRARY = "libc++";
				CLANG_ENABLE_MODULES = YES;
				CLANG_ENABLE_OBJC_ARC = YES;
				CLANG_ENABLE_OBJC_WEAK = YES;
				CLANG_WARN_BLOCK_CAPTURE_AUTORELEASING = YES;
				CLANG_WARN_BOOL_CONVERSION = YES;
				CLANG_WARN_COMMA = YES;
				CLANG_WARN_CONSTANT_CONVERSION = YES;
				CLANG_WARN_DEPRECATED_OBJC_IMPLEMENTATIONS = YES;
				CLANG_WARN_DIRECT_OBJC_ISA_USAGE = YES_ERROR;
				CLANG_WARN_DOCUMENTATION_COMMENTS = YES;
				CLANG_WARN_EMPTY_BODY = YES;
				CLANG_WARN_ENUM_CONVERSION = YES;
				CLANG_WARN_INFINITE_RECURSION = YES;
				CLANG_WARN_INT_CONVERSION = YES;
				CLANG_WARN_NON_LITERAL_NULL_CONVERSION = YES;
				CLANG_WARN_OBJC_IMPLICIT_RETAIN_SELF = YES;
				CLANG_WARN_OBJC_LITERAL_CONVERSION = YES;
				CLANG_WARN_OBJC_ROOT_CLASS = YES_ERROR;
				CLANG_WARN_RANGE_LOOP_ANALYSIS = YES;
				CLANG_WARN_STRICT_PROTOTYPES = YES;
				CLANG_WARN_SUSPICIOUS_MOVE = YES;
				CLANG_WARN_UNGUARDED_AVAILABILITY = YES_AGGRESSIVE;
				CLANG_WARN_UNREACHABLE_CODE = YES;
				CLANG_WARN__DUPLICATE_METHOD_MATCH = YES;
				CODE_SIGN_IDENTITY = "iPhone Developer";
				COPY_PHASE_STRIP = NO;
				DEBUG_INFORMATION_FORMAT = "dwarf-with-dsym";
				ENABLE_NS_ASSERTIONS = NO;
				ENABLE_STRICT_OBJC_MSGSEND = YES;
				GCC_C_LANGUAGE_STANDARD = gnu11;
				GCC_NO_COMMON_BLOCKS = YES;
				GCC_WARN_64_TO_32_BIT_CONVERSION = YES;
				GCC_WARN_ABOUT_RETURN_TYPE = YES_ERROR;
				GCC_WARN_UNDECLARED_SELECTOR = YES;
				GCC_WARN_UNINITIALIZED_AUTOS = YES_AGGRESSIVE;
				GCC_WARN_UNUSED_FUNCTION = YES;
				GCC_WARN_UNUSED_VARIABLE = YES;
				IPHONEOS_DEPLOYMENT_TARGET = 12.0;
				MTL_ENABLE_DEBUG_INFO = NO;
				MTL_FAST_MATH = YES;
				SDKROOT = iphoneos;
				SWIFT_COMPILATION_MODE = wholemodule;
				SWIFT_OPTIMIZATION_LEVEL = "-O";
				VALIDATE_PRODUCT = YES;
			};
			name = Release;
		};
		D3D929802180D6F600F79425 /* Debug */ = {
			isa = XCBuildConfiguration;
			baseConfigurationReference = 72D957CEDF170C4221AE81E7 /* Pods-BuyBuyGo.debug.xcconfig */;
			buildSettings = {
				ASSETCATALOG_COMPILER_APPICON_NAME = AppIcon;
				CODE_SIGN_STYLE = Automatic;
				DEVELOPMENT_TEAM = T29CRUSHY5;
				INFOPLIST_FILE = BuyBuyGo/Info.plist;
				IPHONEOS_DEPLOYMENT_TARGET = 9.0;
				LD_RUNPATH_SEARCH_PATHS = (
					"$(inherited)",
					"@executable_path/Frameworks",
				);
				PRODUCT_BUNDLE_IDENTIFIER = com.LIOU.BuyBuyGo;
				PRODUCT_NAME = "$(TARGET_NAME)";
				SWIFT_VERSION = 4.2;
				TARGETED_DEVICE_FAMILY = 1;
			};
			name = Debug;
		};
		D3D929812180D6F600F79425 /* Release */ = {
			isa = XCBuildConfiguration;
			baseConfigurationReference = E6572CB9B524F34C26A90F1A /* Pods-BuyBuyGo.release.xcconfig */;
			buildSettings = {
				ASSETCATALOG_COMPILER_APPICON_NAME = AppIcon;
				CODE_SIGN_STYLE = Automatic;
				DEVELOPMENT_TEAM = T29CRUSHY5;
				INFOPLIST_FILE = BuyBuyGo/Info.plist;
				IPHONEOS_DEPLOYMENT_TARGET = 9.0;
				LD_RUNPATH_SEARCH_PATHS = (
					"$(inherited)",
					"@executable_path/Frameworks",
				);
				PRODUCT_BUNDLE_IDENTIFIER = com.LIOU.BuyBuyGo;
				PRODUCT_NAME = "$(TARGET_NAME)";
				SWIFT_VERSION = 4.2;
				TARGETED_DEVICE_FAMILY = 1;
			};
			name = Release;
		};
		D3D929832180D6F600F79425 /* Debug */ = {
			isa = XCBuildConfiguration;
			baseConfigurationReference = CFE12A2E94FED2249DAEF3CC /* Pods-BuyBuyGoTests.debug.xcconfig */;
			buildSettings = {
				ALWAYS_EMBED_SWIFT_STANDARD_LIBRARIES = YES;
				BUNDLE_LOADER = "$(TEST_HOST)";
				CODE_SIGN_STYLE = Automatic;
				DEVELOPMENT_TEAM = T29CRUSHY5;
				INFOPLIST_FILE = BuyBuyGoTests/Info.plist;
				LD_RUNPATH_SEARCH_PATHS = (
					"$(inherited)",
					"@executable_path/Frameworks",
					"@loader_path/Frameworks",
				);
				PRODUCT_BUNDLE_IDENTIFIER = com.LIOU.BuyBuyGoTests;
				PRODUCT_NAME = "$(TARGET_NAME)";
				SWIFT_VERSION = 4.2;
				TARGETED_DEVICE_FAMILY = "1,2";
				TEST_HOST = "$(BUILT_PRODUCTS_DIR)/BuyBuyGo.app/BuyBuyGo";
			};
			name = Debug;
		};
		D3D929842180D6F600F79425 /* Release */ = {
			isa = XCBuildConfiguration;
			baseConfigurationReference = CA888AAF0342D0C7CF105A0C /* Pods-BuyBuyGoTests.release.xcconfig */;
			buildSettings = {
				ALWAYS_EMBED_SWIFT_STANDARD_LIBRARIES = YES;
				BUNDLE_LOADER = "$(TEST_HOST)";
				CODE_SIGN_STYLE = Automatic;
				DEVELOPMENT_TEAM = T29CRUSHY5;
				INFOPLIST_FILE = BuyBuyGoTests/Info.plist;
				LD_RUNPATH_SEARCH_PATHS = (
					"$(inherited)",
					"@executable_path/Frameworks",
					"@loader_path/Frameworks",
				);
				PRODUCT_BUNDLE_IDENTIFIER = com.LIOU.BuyBuyGoTests;
				PRODUCT_NAME = "$(TARGET_NAME)";
				SWIFT_VERSION = 4.2;
				TARGETED_DEVICE_FAMILY = "1,2";
				TEST_HOST = "$(BUILT_PRODUCTS_DIR)/BuyBuyGo.app/BuyBuyGo";
			};
			name = Release;
		};
/* End XCBuildConfiguration section */

/* Begin XCConfigurationList section */
		D3D9295D2180D6F400F79425 /* Build configuration list for PBXProject "BuyBuyGo" */ = {
			isa = XCConfigurationList;
			buildConfigurations = (
				D3D9297D2180D6F600F79425 /* Debug */,
				D3D9297E2180D6F600F79425 /* Release */,
			);
			defaultConfigurationIsVisible = 0;
			defaultConfigurationName = Release;
		};
		D3D9297F2180D6F600F79425 /* Build configuration list for PBXNativeTarget "BuyBuyGo" */ = {
			isa = XCConfigurationList;
			buildConfigurations = (
				D3D929802180D6F600F79425 /* Debug */,
				D3D929812180D6F600F79425 /* Release */,
			);
			defaultConfigurationIsVisible = 0;
			defaultConfigurationName = Release;
		};
		D3D929822180D6F600F79425 /* Build configuration list for PBXNativeTarget "BuyBuyGoTests" */ = {
			isa = XCConfigurationList;
			buildConfigurations = (
				D3D929832180D6F600F79425 /* Debug */,
				D3D929842180D6F600F79425 /* Release */,
			);
			defaultConfigurationIsVisible = 0;
			defaultConfigurationName = Release;
		};
/* End XCConfigurationList section */
	};
	rootObject = D3D9295A2180D6F400F79425 /* Project object */;
}
